
Microsoft Visual Studio Solution File, Format Version 12.00
# Visual Studio Version 16
VisualStudioVersion = 16.0.30621.155
MinimumVisualStudioVersion = 10.0.40219.1
Project("{FAE04EC0-301F-11D3-BF4B-00C04F79EFBC}") = "SlybroadcastCampaign", "SlybroadcastCampaign\SlybroadcastCampaign.csproj", "{99E48C71-B7F1-4A92-88DD-23FCFA215D5C}"
EndProject
Global
	GlobalSection(SolutionConfigurationPlatforms) = preSolution
		Debug|Any CPU = Debug|Any CPU
		Release|Any CPU = Release|Any CPU
	EndGlobalSection
	GlobalSection(ProjectConfigurationPlatforms) = postSolution
		{99E48C71-B7F1-4A92-88DD-23FCFA215D5C}.Debug|Any CPU.ActiveCfg = Debug|Any CPU
		{99E48C71-B7F1-4A92-88DD-23FCFA215D5C}.Debug|Any CPU.Build.0 = Debug|Any CPU
		{99E48C71-B7F1-4A92-88DD-23FCFA215D5C}.Release|Any CPU.ActiveCfg = Release|Any CPU
		{99E48C71-B7F1-4A92-88DD-23FCFA215D5C}.Release|Any CPU.Build.0 = Release|Any CPU
	EndGlobalSection
	GlobalSection(SolutionProperties) = preSolution
		HideSolutionNode = FALSE
	EndGlobalSection
	GlobalSection(ExtensibilityGlobals) = postSolution
		SolutionGuid = {38F8710A-A0EC-42AF-B6D6-ECF45923C0C2}
	EndGlobalSection
EndGlobal
